// !$*UTF8*$!
{
	archiveVersion = 1;
	classes = {
	};
	objectVersion = 48;
	objects = {

/* Begin PBXBuildFile section */
		012224801F8D274E00E5DC3A /* AppDelegate.m in Sources */ = {isa = PBXBuildFile; fileRef = 0122247F1F8D274E00E5DC3A /* AppDelegate.m */; };
		012224861F8D274E00E5DC3A /* Main.storyboard in Resources */ = {isa = PBXBuildFile; fileRef = 012224841F8D274E00E5DC3A /* Main.storyboard */; };
		012224881F8D274E00E5DC3A /* Assets.xcassets in Resources */ = {isa = PBXBuildFile; fileRef = 012224871F8D274E00E5DC3A /* Assets.xcassets */; };
		0122248B1F8D274E00E5DC3A /* LaunchScreen.storyboard in Resources */ = {isa = PBXBuildFile; fileRef = 012224891F8D274E00E5DC3A /* LaunchScreen.storyboard */; };
		0122248E1F8D274E00E5DC3A /* main.m in Sources */ = {isa = PBXBuildFile; fileRef = 0122248D1F8D274E00E5DC3A /* main.m */; };
/* End PBXBuildFile section */

/* Begin PBXFileReference section */
		0122247B1F8D274E00E5DC3A /* PokemonHybridiOS15.app */ = {isa = PBXFileReference; explicitFileType = wrapper.application; includeInIndex = 0; path = PokemonHybridiOS15.app; sourceTree = BUILT_PRODUCTS_DIR; };
		0122247E1F8D274E00E5DC3A /* AppDelegate.h */ = {isa = PBXFileReference; lastKnownFileType = sourcecode.c.h; path = AppDelegate.h; sourceTree = "<group>"; };
		0122247F1F8D274E00E5DC3A /* AppDelegate.m */ = {isa = PBXFileReference; lastKnownFileType = sourcecode.c.objc; path = AppDelegate.m; sourceTree = "<group>"; };
		012224851F8D274E00E5DC3A /* Base */ = {isa = PBXFileReference; lastKnownFileType = file.storyboard; name = Base; path = Base.lproj/Main.storyboard; sourceTree = "<group>"; };
		012224871F8D274E00E5DC3A /* Assets.xcassets */ = {isa = PBXFileReference; lastKnownFileType = folder.assetcatalog; path = Assets.xcassets; sourceTree = "<group>"; };
		0122248A1F8D274E00E5DC3A /* Base */ = {isa = PBXFileReference; lastKnownFileType = file.storyboard; name = Base; path = Base.lproj/LaunchScreen.storyboard; sourceTree = "<group>"; };
		0122248C1F8D274E00E5DC3A /* Info.plist */ = {isa = PBXFileReference; lastKnownFileType = text.plist.xml; path = Info.plist; sourceTree = "<group>"; };
		0122248D1F8D274E00E5DC3A /* main.m */ = {isa = PBXFileReference; lastKnownFileType = sourcecode.c.objc; path = main.m; sourceTree = "<group>"; };
/* End PBXFileReference section */

/* Begin PBXFrameworksBuildPhase section */
		012224781F8D274E00E5DC3A /* Frameworks */ = {
			isa = PBXFrameworksBuildPhase;
			buildActionMask = 2147483647;
			files = (
			);
			runOnlyForDeploymentPostprocessing = 0;
		};
/* End PBXFrameworksBuildPhase section */

/* Begin PBXGroup section */
		012224721F8D274E00E5DC3A = {
			isa = PBXGroup;
			children = (
				0122247D1F8D274E00E5DC3A /* PokemonHybridiOS15 */,
				0122247C1F8D274E00E5DC3A /* Products */,
			);
			sourceTree = "<group>";
		};
		0122247C1F8D274E00E5DC3A /* Products */ = {
			isa = PBXGroup;
			children = (
				0122247B1F8D274E00E5DC3A /* PokemonHybridiOS15.app */,
			);
			name = Products;
			sourceTree = "<group>";
		};
		0122247D1F8D274E00E5DC3A /* PokemonHybridiOS15 */ = {
			isa = PBXGroup;
			children = (
				012224971F8D2BF300E5DC3A /* UI */,
				012224961F8D2BE600E5DC3A /* View Controller */,
				012224951F8D2BDA00E5DC3A /* Model Controller */,
				012224941F8D2BCE00E5DC3A /* Model */,
				0122247E1F8D274E00E5DC3A /* AppDelegate.h */,
				0122247F1F8D274E00E5DC3A /* AppDelegate.m */,
				012224871F8D274E00E5DC3A /* Assets.xcassets */,
				012224891F8D274E00E5DC3A /* LaunchScreen.storyboard */,
				0122248C1F8D274E00E5DC3A /* Info.plist */,
				0122248D1F8D274E00E5DC3A /* main.m */,
			);
			path = PokemonHybridiOS15;
			sourceTree = "<group>";
		};
		012224941F8D2BCE00E5DC3A /* Model */ = {
			isa = PBXGroup;
			children = (
			);
			path = Model;
			sourceTree = "<group>";
		};
		012224951F8D2BDA00E5DC3A /* Model Controller */ = {
			isa = PBXGroup;
			children = (
			);
			path = "Model Controller";
			sourceTree = "<group>";
		};
		012224961F8D2BE600E5DC3A /* View Controller */ = {
			isa = PBXGroup;
			children = (
			);
			path = "View Controller";
			sourceTree = "<group>";
		};
		012224971F8D2BF300E5DC3A /* UI */ = {
			isa = PBXGroup;
			children = (
				012224841F8D274E00E5DC3A /* Main.storyboard */,
			);
			path = UI;
			sourceTree = "<group>";
		};
/* End PBXGroup section */

/* Begin PBXNativeTarget section */
		0122247A1F8D274E00E5DC3A /* PokemonHybridiOS15 */ = {
			isa = PBXNativeTarget;
			buildConfigurationList = 012224911F8D274E00E5DC3A /* Build configuration list for PBXNativeTarget "PokemonHybridiOS15" */;
			buildPhases = (
				012224771F8D274E00E5DC3A /* Sources */,
				012224781F8D274E00E5DC3A /* Frameworks */,
				012224791F8D274E00E5DC3A /* Resources */,
			);
			buildRules = (
			);
			dependencies = (
			);
			name = PokemonHybridiOS15;
			productName = PokemonHybridiOS15;
			productReference = 0122247B1F8D274E00E5DC3A /* PokemonHybridiOS15.app */;
			productType = "com.apple.product-type.application";
		};
/* End PBXNativeTarget section */

/* Begin PBXProject section */
		012224731F8D274E00E5DC3A /* Project object */ = {
			isa = PBXProject;
			attributes = {
				LastUpgradeCheck = 0900;
				ORGANIZATIONNAME = "Nick Reichard";
				TargetAttributes = {
					0122247A1F8D274E00E5DC3A = {
						CreatedOnToolsVersion = 9.0;
						ProvisioningStyle = Automatic;
					};
				};
			};
			buildConfigurationList = 012224761F8D274E00E5DC3A /* Build configuration list for PBXProject "PokemonHybridiOS15" */;
			compatibilityVersion = "Xcode 8.0";
			developmentRegion = en;
			hasScannedForEncodings = 0;
			knownRegions = (
				en,
				Base,
			);
			mainGroup = 012224721F8D274E00E5DC3A;
			productRefGroup = 0122247C1F8D274E00E5DC3A /* Products */;
			projectDirPath = "";
			projectRoot = "";
			targets = (
				0122247A1F8D274E00E5DC3A /* PokemonHybridiOS15 */,
			);
		};
/* End PBXProject section */

/* Begin PBXResourcesBuildPhase section */
		012224791F8D274E00E5DC3A /* Resources */ = {
			isa = PBXResourcesBuildPhase;
			buildActionMask = 2147483647;
			files = (
				0122248B1F8D274E00E5DC3A /* LaunchScreen.storyboard in Resources */,
				012224881F8D274E00E5DC3A /* Assets.xcassets in Resources */,
				012224861F8D274E00E5DC3A /* Main.storyboard in Resources */,
			);
			runOnlyForDeploymentPostprocessing = 0;
		};
/* End PBXResourcesBuildPhase section */

/* Begin PBXSourcesBuildPhase section */
		012224771F8D274E00E5DC3A /* Sources */ = {
			isa = PBXSourcesBuildPhase;
			buildActionMask = 2147483647;
			files = (
				0122248E1F8D274E00E5DC3A /* main.m in Sources */,
				012224801F8D274E00E5DC3A /* AppDelegate.m in Sources */,
			);
			runOnlyForDeploymentPostprocessing = 0;
		};
/* End PBXSourcesBuildPhase section */

/* Begin PBXVariantGroup section */
		012224841F8D274E00E5DC3A /* Main.storyboard */ = {
			isa = PBXVariantGroup;
			children = (
				012224851F8D274E00E5DC3A /* Base */,
			);
			name = Main.storyboard;
			sourceTree = "<group>";
		};
		012224891F8D274E00E5DC3A /* LaunchScreen.storyboard */ = {
			isa = PBXVariantGroup;
			children = (
				0122248A1F8D274E00E5DC3A /* Base */,
			);
			name = LaunchScreen.storyboard;
			sourceTree = "<group>";
		};
/* End PBXVariantGroup section */

/* Begin XCBuildConfiguration section */
		0122248F1F8D274E00E5DC3A /* Debug */ = {
			isa = XCBuildConfiguration;
			buildSettings = {
				ALWAYS_SEARCH_USER_PATHS = NO;
				CLANG_ANALYZER_NONNULL = YES;
				CLANG_ANALYZER_NUMBER_OBJECT_CONVERSION = YES_AGGRESSIVE;
				CLANG_CXX_LANGUAGE_STANDARD = "gnu++14";
				CLANG_CXX_LIBRARY = "libc++";
				CLANG_ENABLE_MODULES = YES;
				CLANG_ENABLE_OBJC_ARC = YES;
				CLANG_WARN_BLOCK_CAPTURE_AUTORELEASING = YES;
				CLANG_WARN_BOOL_CONVERSION = YES;
				CLANG_WARN_COMMA = YES;
				CLANG_WARN_CONSTANT_CONVERSION = YES;
				CLANG_WARN_DIRECT_OBJC_ISA_USAGE = YES_ERROR;
				CLANG_WARN_DOCUMENTATION_COMMENTS = YES;
				CLANG_WARN_EMPTY_BODY = YES;
				CLANG_WARN_ENUM_CONVERSION = YES;
				CLANG_WARN_INFINITE_RECURSION = YES;
				CLANG_WARN_INT_CONVERSION = YES;
				CLANG_WARN_NON_LITERAL_NULL_CONVERSION = YES;
				CLANG_WARN_OBJC_LITERAL_CONVERSION = YES;
				CLANG_WARN_OBJC_ROOT_CLASS = YES_ERROR;
				CLANG_WARN_RANGE_LOOP_ANALYSIS = YES;
				CLANG_WARN_STRICT_PROTOTYPES = YES;
				CLANG_WARN_SUSPICIOUS_MOVE = YES;
				CLANG_WARN_UNGUARDED_AVAILABILITY = YES_AGGRESSIVE;
				CLANG_WARN_UNREACHABLE_CODE = YES;
				CLANG_WARN__DUPLICATE_METHOD_MATCH = YES;
				CODE_SIGN_IDENTITY = "iPhone Developer";
				COPY_PHASE_STRIP = NO;
				DEBUG_INFORMATION_FORMAT = dwarf;
				ENABLE_STRICT_OBJC_MSGSEND = YES;
				ENABLE_TESTABILITY = YES;
				GCC_C_LANGUAGE_STANDARD = gnu11;
				GCC_DYNAMIC_NO_PIC = NO;
				GCC_NO_COMMON_BLOCKS = YES;
				GCC_OPTIMIZATION_LEVEL = 0;
				GCC_PREPROCESSOR_DEFINITIONS = (
					"DEBUG=1",
					"$(inherited)",
				);
				GCC_WARN_64_TO_32_BIT_CONVERSION = YES;
				GCC_WARN_ABOUT_RETURN_TYPE = YES_ERROR;
				GCC_WARN_UNDECLARED_SELECTOR = YES;
				GCC_WARN_UNINITIALIZED_AUTOS = YES_AGGRESSIVE;
				GCC_WARN_UNUSED_FUNCTION = YES;
				GCC_WARN_UNUSED_VARIABLE = YES;
				IPHONEOS_DEPLOYMENT_TARGET = 11.0;
				MTL_ENABLE_DEBUG_INFO = YES;
				ONLY_ACTIVE_ARCH = YES;
				SDKROOT = iphoneos;
			};
			name = Debug;
		};
		012224901F8D274E00E5DC3A /* Release */ = {
			isa = XCBuildConfiguration;
			buildSettings = {
				ALWAYS_SEARCH_USER_PATHS = NO;
				CLANG_ANALYZER_NONNULL = YES;
				CLANG_ANALYZER_NUMBER_OBJECT_CONVERSION = YES_AGGRESSIVE;
				CLANG_CXX_LANGUAGE_STANDARD = "gnu++14";
				CLANG_CXX_LIBRARY = "libc++";
				CLANG_ENABLE_MODULES = YES;
				CLANG_ENABLE_OBJC_ARC = YES;
				CLANG_WARN_BLOCK_CAPTURE_AUTORELEASING = YES;
				CLANG_WARN_BOOL_CONVERSION = YES;
				CLANG_WARN_COMMA = YES;
				CLANG_WARN_CONSTANT_CONVERSION = YES;
				CLANG_WARN_DIRECT_OBJC_ISA_USAGE = YES_ERROR;
				CLANG_WARN_DOCUMENTATION_COMMENTS = YES;
				CLANG_WARN_EMPTY_BODY = YES;
				CLANG_WARN_ENUM_CONVERSION = YES;
				CLANG_WARN_INFINITE_RECURSION = YES;
				CLANG_WARN_INT_CONVERSION = YES;
				CLANG_WARN_NON_LITERAL_NULL_CONVERSION = YES;
				CLANG_WARN_OBJC_LITERAL_CONVERSION = YES;
				CLANG_WARN_OBJC_ROOT_CLASS = YES_ERROR;
				CLANG_WARN_RANGE_LOOP_ANALYSIS = YES;
				CLANG_WARN_STRICT_PROTOTYPES = YES;
				CLANG_WARN_SUSPICIOUS_MOVE = YES;
				CLANG_WARN_UNGUARDED_AVAILABILITY = YES_AGGRESSIVE;
				CLANG_WARN_UNREACHABLE_CODE = YES;
				CLANG_WARN__DUPLICATE_METHOD_MATCH = YES;
				CODE_SIGN_IDENTITY = "iPhone Developer";
				COPY_PHASE_STRIP = NO;
				DEBUG_INFORMATION_FORMAT = "dwarf-with-dsym";
				ENABLE_NS_ASSERTIONS = NO;
				ENABLE_STRICT_OBJC_MSGSEND = YES;
				GCC_C_LANGUAGE_STANDARD = gnu11;
				GCC_NO_COMMON_BLOCKS = YES;
				GCC_WARN_64_TO_32_BIT_CONVERSION = YES;
				GCC_WARN_ABOUT_RETURN_TYPE = YES_ERROR;
				GCC_WARN_UNDECLARED_SELECTOR = YES;
				GCC_WARN_UNINITIALIZED_AUTOS = YES_AGGRESSIVE;
				GCC_WARN_UNUSED_FUNCTION = YES;
				GCC_WARN_UNUSED_VARIABLE = YES;
				IPHONEOS_DEPLOYMENT_TARGET = 11.0;
				MTL_ENABLE_DEBUG_INFO = NO;
				SDKROOT = iphoneos;
				VALIDATE_PRODUCT = YES;
			};
			name = Release;
		};
		012224921F8D274E00E5DC3A /* Debug */ = {
			isa = XCBuildConfiguration;
			buildSettings = {
				ASSETCATALOG_COMPILER_APPICON_NAME = AppIcon;
				CODE_SIGN_STYLE = Automatic;
				INFOPLIST_FILE = PokemonHybridiOS15/Info.plist;
				LD_RUNPATH_SEARCH_PATHS = "$(inherited) @executable_path/Frameworks";
				PRODUCT_BUNDLE_IDENTIFIER = com.wesstpeak.PokemonHybridiOS15;
				PRODUCT_NAME = "$(TARGET_NAME)";
				TARGETED_DEVICE_FAMILY = "1,2";
			};
			name = Debug;
		};
		012224931F8D274E00E5DC3A /* Release */ = {
			isa = XCBuildConfiguration;
			buildSettings = {
				ASSETCATALOG_COMPILER_APPICON_NAME = AppIcon;
				CODE_SIGN_STYLE = Automatic;
				INFOPLIST_FILE = PokemonHybridiOS15/Info.plist;
				LD_RUNPATH_SEARCH_PATHS = "$(inherited) @executable_path/Frameworks";
				PRODUCT_BUNDLE_IDENTIFIER = com.wesstpeak.PokemonHybridiOS15;
				PRODUCT_NAME = "$(TARGET_NAME)";
				TARGETED_DEVICE_FAMILY = "1,2";
			};
			name = Release;
		};
/* End XCBuildConfiguration section */

/* Begin XCConfigurationList section */
		012224761F8D274E00E5DC3A /* Build configuration list for PBXProject "PokemonHybridiOS15" */ = {
			isa = XCConfigurationList;
			buildConfigurations = (
				0122248F1F8D274E00E5DC3A /* Debug */,
				012224901F8D274E00E5DC3A /* Release */,
			);
			defaultConfigurationIsVisible = 0;
			defaultConfigurationName = Release;
		};
		012224911F8D274E00E5DC3A /* Build configuration list for PBXNativeTarget "PokemonHybridiOS15" */ = {
			isa = XCConfigurationList;
			buildConfigurations = (
				012224921F8D274E00E5DC3A /* Debug */,
				012224931F8D274E00E5DC3A /* Release */,
			);
			defaultConfigurationIsVisible = 0;
			defaultConfigurationName = Release;
		};
/* End XCConfigurationList section */
	};
	rootObject = 012224731F8D274E00E5DC3A /* Project object */;
}
